// !$*UTF8*$!
{
	archiveVersion = 1;
	classes = {
	};
	objectVersion = 51;
	objects = {

/* Begin PBXBuildFile section */
		238A4F3026D7CFE90091819A /* AppDelegate.swift in Sources */ = {isa = PBXBuildFile; fileRef = 238A4F2F26D7CFE90091819A /* AppDelegate.swift */; };
		238A4F3226D7CFE90091819A /* SceneDelegate.swift in Sources */ = {isa = PBXBuildFile; fileRef = 238A4F3126D7CFE90091819A /* SceneDelegate.swift */; };
		238A4F3726D7CFE90091819A /* Main.storyboard in Resources */ = {isa = PBXBuildFile; fileRef = 238A4F3526D7CFE90091819A /* Main.storyboard */; };
		238A4F3A26D7CFE90091819A /* EasyDiet.xcdatamodeld in Sources */ = {isa = PBXBuildFile; fileRef = 238A4F3826D7CFE90091819A /* EasyDiet.xcdatamodeld */; };
		238A4F3C26D7CFED0091819A /* Assets.xcassets in Resources */ = {isa = PBXBuildFile; fileRef = 238A4F3B26D7CFED0091819A /* Assets.xcassets */; };
		238A4F3F26D7CFED0091819A /* LaunchScreen.storyboard in Resources */ = {isa = PBXBuildFile; fileRef = 238A4F3D26D7CFED0091819A /* LaunchScreen.storyboard */; };
		238A4F5026D7D8620091819A /* DetailTableViewController.swift in Sources */ = {isa = PBXBuildFile; fileRef = 238A4F4F26D7D8620091819A /* DetailTableViewController.swift */; };
		239BC74526D819050044E9DE /* DataManager+DiaryEntity.swift in Sources */ = {isa = PBXBuildFile; fileRef = 239BC74426D819050044E9DE /* DataManager+DiaryEntity.swift */; };
		239BC74726D819210044E9DE /* DataManager.swift in Sources */ = {isa = PBXBuildFile; fileRef = 239BC74626D819210044E9DE /* DataManager.swift */; };
		239BC74E26D89E870044E9DE /* Extension+Date.swift in Sources */ = {isa = PBXBuildFile; fileRef = 239BC74D26D89E870044E9DE /* Extension+Date.swift */; };
		239BC75026D8A0310044E9DE /* Diary.swift in Sources */ = {isa = PBXBuildFile; fileRef = 239BC74F26D8A0310044E9DE /* Diary.swift */; };
		239BC75226D8CD670044E9DE /* Extension+UIViewController.swift in Sources */ = {isa = PBXBuildFile; fileRef = 239BC75126D8CD670044E9DE /* Extension+UIViewController.swift */; };
		239BC75426D8D50D0044E9DE /* HomeTableViewController.swift in Sources */ = {isa = PBXBuildFile; fileRef = 239BC75326D8D50D0044E9DE /* HomeTableViewController.swift */; };
		239BC75626DA21610044E9DE /* Extension+Float32.swift in Sources */ = {isa = PBXBuildFile; fileRef = 239BC75526DA21600044E9DE /* Extension+Float32.swift */; };
		239BC75C26DA31FA0044E9DE /* MoreTableViewController.swift in Sources */ = {isa = PBXBuildFile; fileRef = 239BC75B26DA31FA0044E9DE /* MoreTableViewController.swift */; };
		239BC75F26DA394B0044E9DE /* Operation.swift in Sources */ = {isa = PBXBuildFile; fileRef = 239BC75E26DA394B0044E9DE /* Operation.swift */; };
		239BC76426DA46A60044E9DE /* GraphTableViewController.swift in Sources */ = {isa = PBXBuildFile; fileRef = 239BC76326DA46A60044E9DE /* GraphTableViewController.swift */; };
		239BC76726DB53720044E9DE /* Extension+UIColor.swift in Sources */ = {isa = PBXBuildFile; fileRef = 239BC76626DB53700044E9DE /* Extension+UIColor.swift */; };
		239BC76B26DDC9DE0044E9DE /* CustomMarkerView.xib in Resources */ = {isa = PBXBuildFile; fileRef = 239BC76A26DDC9DE0044E9DE /* CustomMarkerView.xib */; };
		239BC76D26DDCA1D0044E9DE /* CustomMarkerView.swift in Sources */ = {isa = PBXBuildFile; fileRef = 239BC76C26DDCA1D0044E9DE /* CustomMarkerView.swift */; };
		239BC76F26DE28F30044E9DE /* Extension+Int.swift in Sources */ = {isa = PBXBuildFile; fileRef = 239BC76E26DE28F00044E9DE /* Extension+Int.swift */; };
		239BC77126DF68BB0044E9DE /* Extension+UIBarButtonItem.swift in Sources */ = {isa = PBXBuildFile; fileRef = 239BC77026DF68B40044E9DE /* Extension+UIBarButtonItem.swift */; };
		23D27D5526E0D0C700A67D01 /* SettingTableViewController.swift in Sources */ = {isa = PBXBuildFile; fileRef = 23D27D5426E0D0C700A67D01 /* SettingTableViewController.swift */; };
		23D27D5726E0D0ED00A67D01 /* PolicyTableViewController.swift in Sources */ = {isa = PBXBuildFile; fileRef = 23D27D5626E0D0ED00A67D01 /* PolicyTableViewController.swift */; };
		23D27D5926E0D10800A67D01 /* QuestionTableViewController.swift in Sources */ = {isa = PBXBuildFile; fileRef = 23D27D5826E0D10800A67D01 /* QuestionTableViewController.swift */; };
		23D27D5F26E121D500A67D01 /* CustomTextField.swift in Sources */ = {isa = PBXBuildFile; fileRef = 23D27D5E26E121D500A67D01 /* CustomTextField.swift */; };
		23D27D6126E1235E00A67D01 /* Extension+UITextField.swift in Sources */ = {isa = PBXBuildFile; fileRef = 23D27D6026E1235E00A67D01 /* Extension+UITextField.swift */; };
		F294BF2CFD0DBEA8188E46BE /* Pods_EasyDiet.framework in Frameworks */ = {isa = PBXBuildFile; fileRef = DD04EC6CC489125D7D6BE5E9 /* Pods_EasyDiet.framework */; };
/* End PBXBuildFile section */

/* Begin PBXFileReference section */
		238A4F2C26D7CFE90091819A /* EasyDiet.app */ = {isa = PBXFileReference; explicitFileType = wrapper.application; includeInIndex = 0; path = EasyDiet.app; sourceTree = BUILT_PRODUCTS_DIR; };
		238A4F2F26D7CFE90091819A /* AppDelegate.swift */ = {isa = PBXFileReference; lastKnownFileType = sourcecode.swift; path = AppDelegate.swift; sourceTree = "<group>"; };
		238A4F3126D7CFE90091819A /* SceneDelegate.swift */ = {isa = PBXFileReference; lastKnownFileType = sourcecode.swift; path = SceneDelegate.swift; sourceTree = "<group>"; };
		238A4F3626D7CFE90091819A /* Base */ = {isa = PBXFileReference; lastKnownFileType = file.storyboard; name = Base; path = Base.lproj/Main.storyboard; sourceTree = "<group>"; };
		238A4F3926D7CFE90091819A /* EasyDiet.xcdatamodel */ = {isa = PBXFileReference; lastKnownFileType = wrapper.xcdatamodel; path = EasyDiet.xcdatamodel; sourceTree = "<group>"; };
		238A4F3B26D7CFED0091819A /* Assets.xcassets */ = {isa = PBXFileReference; lastKnownFileType = folder.assetcatalog; path = Assets.xcassets; sourceTree = "<group>"; };
		238A4F3E26D7CFED0091819A /* Base */ = {isa = PBXFileReference; lastKnownFileType = file.storyboard; name = Base; path = Base.lproj/LaunchScreen.storyboard; sourceTree = "<group>"; };
		238A4F4026D7CFED0091819A /* Info.plist */ = {isa = PBXFileReference; lastKnownFileType = text.plist.xml; path = Info.plist; sourceTree = "<group>"; };
		238A4F4F26D7D8620091819A /* DetailTableViewController.swift */ = {isa = PBXFileReference; lastKnownFileType = sourcecode.swift; path = DetailTableViewController.swift; sourceTree = "<group>"; };
		239BC74426D819050044E9DE /* DataManager+DiaryEntity.swift */ = {isa = PBXFileReference; lastKnownFileType = sourcecode.swift; path = "DataManager+DiaryEntity.swift"; sourceTree = "<group>"; };
		239BC74626D819210044E9DE /* DataManager.swift */ = {isa = PBXFileReference; lastKnownFileType = sourcecode.swift; path = DataManager.swift; sourceTree = "<group>"; };
		239BC74D26D89E870044E9DE /* Extension+Date.swift */ = {isa = PBXFileReference; lastKnownFileType = sourcecode.swift; path = "Extension+Date.swift"; sourceTree = "<group>"; };
		239BC74F26D8A0310044E9DE /* Diary.swift */ = {isa = PBXFileReference; lastKnownFileType = sourcecode.swift; path = Diary.swift; sourceTree = "<group>"; };
		239BC75126D8CD670044E9DE /* Extension+UIViewController.swift */ = {isa = PBXFileReference; lastKnownFileType = sourcecode.swift; path = "Extension+UIViewController.swift"; sourceTree = "<group>"; };
		239BC75326D8D50D0044E9DE /* HomeTableViewController.swift */ = {isa = PBXFileReference; lastKnownFileType = sourcecode.swift; path = HomeTableViewController.swift; sourceTree = "<group>"; };
		239BC75526DA21600044E9DE /* Extension+Float32.swift */ = {isa = PBXFileReference; lastKnownFileType = sourcecode.swift; path = "Extension+Float32.swift"; sourceTree = "<group>"; };
		239BC75B26DA31FA0044E9DE /* MoreTableViewController.swift */ = {isa = PBXFileReference; lastKnownFileType = sourcecode.swift; path = MoreTableViewController.swift; sourceTree = "<group>"; };
		239BC75E26DA394B0044E9DE /* Operation.swift */ = {isa = PBXFileReference; lastKnownFileType = sourcecode.swift; path = Operation.swift; sourceTree = "<group>"; };
		239BC76326DA46A60044E9DE /* GraphTableViewController.swift */ = {isa = PBXFileReference; lastKnownFileType = sourcecode.swift; path = GraphTableViewController.swift; sourceTree = "<group>"; };
		239BC76626DB53700044E9DE /* Extension+UIColor.swift */ = {isa = PBXFileReference; lastKnownFileType = sourcecode.swift; path = "Extension+UIColor.swift"; sourceTree = "<group>"; };
		239BC76A26DDC9DE0044E9DE /* CustomMarkerView.xib */ = {isa = PBXFileReference; lastKnownFileType = file.xib; path = CustomMarkerView.xib; sourceTree = "<group>"; };
		239BC76C26DDCA1D0044E9DE /* CustomMarkerView.swift */ = {isa = PBXFileReference; lastKnownFileType = sourcecode.swift; path = CustomMarkerView.swift; sourceTree = "<group>"; };
		239BC76E26DE28F00044E9DE /* Extension+Int.swift */ = {isa = PBXFileReference; lastKnownFileType = sourcecode.swift; path = "Extension+Int.swift"; sourceTree = "<group>"; };
		239BC77026DF68B40044E9DE /* Extension+UIBarButtonItem.swift */ = {isa = PBXFileReference; lastKnownFileType = sourcecode.swift; path = "Extension+UIBarButtonItem.swift"; sourceTree = "<group>"; };
		23D27D5426E0D0C700A67D01 /* SettingTableViewController.swift */ = {isa = PBXFileReference; lastKnownFileType = sourcecode.swift; path = SettingTableViewController.swift; sourceTree = "<group>"; };
		23D27D5626E0D0ED00A67D01 /* PolicyTableViewController.swift */ = {isa = PBXFileReference; lastKnownFileType = sourcecode.swift; path = PolicyTableViewController.swift; sourceTree = "<group>"; };
		23D27D5826E0D10800A67D01 /* QuestionTableViewController.swift */ = {isa = PBXFileReference; lastKnownFileType = sourcecode.swift; path = QuestionTableViewController.swift; sourceTree = "<group>"; };
		23D27D5E26E121D500A67D01 /* CustomTextField.swift */ = {isa = PBXFileReference; lastKnownFileType = sourcecode.swift; path = CustomTextField.swift; sourceTree = "<group>"; };
		23D27D6026E1235E00A67D01 /* Extension+UITextField.swift */ = {isa = PBXFileReference; lastKnownFileType = sourcecode.swift; path = "Extension+UITextField.swift"; sourceTree = "<group>"; };
		47CBDF2B4F43FF6EA4A43660 /* Pods-EasyDiet.release.xcconfig */ = {isa = PBXFileReference; includeInIndex = 1; lastKnownFileType = text.xcconfig; name = "Pods-EasyDiet.release.xcconfig"; path = "Target Support Files/Pods-EasyDiet/Pods-EasyDiet.release.xcconfig"; sourceTree = "<group>"; };
		9E36A323D50EEB4192742D74 /* Pods-EasyDiet.debug.xcconfig */ = {isa = PBXFileReference; includeInIndex = 1; lastKnownFileType = text.xcconfig; name = "Pods-EasyDiet.debug.xcconfig"; path = "Target Support Files/Pods-EasyDiet/Pods-EasyDiet.debug.xcconfig"; sourceTree = "<group>"; };
		DD04EC6CC489125D7D6BE5E9 /* Pods_EasyDiet.framework */ = {isa = PBXFileReference; explicitFileType = wrapper.framework; includeInIndex = 0; path = Pods_EasyDiet.framework; sourceTree = BUILT_PRODUCTS_DIR; };
/* End PBXFileReference section */

/* Begin PBXFrameworksBuildPhase section */
		238A4F2926D7CFE90091819A /* Frameworks */ = {
			isa = PBXFrameworksBuildPhase;
			buildActionMask = 2147483647;
			files = (
				F294BF2CFD0DBEA8188E46BE /* Pods_EasyDiet.framework in Frameworks */,
			);
			runOnlyForDeploymentPostprocessing = 0;
		};
/* End PBXFrameworksBuildPhase section */

/* Begin PBXGroup section */
		0F9F5FFDA6B6B4A7D76DE448 /* Frameworks */ = {
			isa = PBXGroup;
			children = (
				DD04EC6CC489125D7D6BE5E9 /* Pods_EasyDiet.framework */,
			);
			name = Frameworks;
			sourceTree = "<group>";
		};
		238A4F2326D7CFE80091819A = {
			isa = PBXGroup;
			children = (
				238A4F2E26D7CFE90091819A /* EasyDiet */,
				238A4F2D26D7CFE90091819A /* Products */,
				78EED22526DFC198AA3DD381 /* Pods */,
				0F9F5FFDA6B6B4A7D76DE448 /* Frameworks */,
			);
			sourceTree = "<group>";
		};
		238A4F2D26D7CFE90091819A /* Products */ = {
			isa = PBXGroup;
			children = (
				238A4F2C26D7CFE90091819A /* EasyDiet.app */,
			);
			name = Products;
			sourceTree = "<group>";
		};
		238A4F2E26D7CFE90091819A /* EasyDiet */ = {
			isa = PBXGroup;
			children = (
				239BC76026DA46200044E9DE /* ViewController */,
				239BC75D26DA38940044E9DE /* Singleton */,
				239BC74C26D89E720044E9DE /* Extension */,
				239BC74326D818D50044E9DE /* DataManager */,
				238A4F4626D7D1AE0091819A /* Model */,
				238A4F2F26D7CFE90091819A /* AppDelegate.swift */,
				238A4F3126D7CFE90091819A /* SceneDelegate.swift */,
				238A4F3526D7CFE90091819A /* Main.storyboard */,
				238A4F3B26D7CFED0091819A /* Assets.xcassets */,
				238A4F3D26D7CFED0091819A /* LaunchScreen.storyboard */,
				238A4F4026D7CFED0091819A /* Info.plist */,
				238A4F3826D7CFE90091819A /* EasyDiet.xcdatamodeld */,
				239BC76A26DDC9DE0044E9DE /* CustomMarkerView.xib */,
				239BC76C26DDCA1D0044E9DE /* CustomMarkerView.swift */,
				23D27D5E26E121D500A67D01 /* CustomTextField.swift */,
			);
			path = EasyDiet;
			sourceTree = "<group>";
		};
		238A4F4626D7D1AE0091819A /* Model */ = {
			isa = PBXGroup;
			children = (
				239BC74F26D8A0310044E9DE /* Diary.swift */,
			);
			path = Model;
			sourceTree = "<group>";
		};
		238A4F4826D7D35F0091819A /* HomeTabModule */ = {
			isa = PBXGroup;
			children = (
				238A4F4F26D7D8620091819A /* DetailTableViewController.swift */,
				239BC75326D8D50D0044E9DE /* HomeTableViewController.swift */,
			);
			path = HomeTabModule;
			sourceTree = "<group>";
		};
		239BC74326D818D50044E9DE /* DataManager */ = {
			isa = PBXGroup;
			children = (
				239BC74426D819050044E9DE /* DataManager+DiaryEntity.swift */,
				239BC74626D819210044E9DE /* DataManager.swift */,
			);
			path = DataManager;
			sourceTree = "<group>";
		};
		239BC74C26D89E720044E9DE /* Extension */ = {
			isa = PBXGroup;
			children = (
				239BC74D26D89E870044E9DE /* Extension+Date.swift */,
				239BC75126D8CD670044E9DE /* Extension+UIViewController.swift */,
				239BC75526DA21600044E9DE /* Extension+Float32.swift */,
				239BC76626DB53700044E9DE /* Extension+UIColor.swift */,
				239BC76E26DE28F00044E9DE /* Extension+Int.swift */,
				239BC77026DF68B40044E9DE /* Extension+UIBarButtonItem.swift */,
				23D27D6026E1235E00A67D01 /* Extension+UITextField.swift */,
			);
			path = Extension;
			sourceTree = "<group>";
		};
		239BC75D26DA38940044E9DE /* Singleton */ = {
			isa = PBXGroup;
			children = (
				239BC75E26DA394B0044E9DE /* Operation.swift */,
			);
			path = Singleton;
			sourceTree = "<group>";
		};
		239BC76026DA46200044E9DE /* ViewController */ = {
			isa = PBXGroup;
			children = (
				239BC76226DA46620044E9DE /* GraphTapModule */,
				239BC76126DA46530044E9DE /* MoreTabModule */,
				238A4F4826D7D35F0091819A /* HomeTabModule */,
			);
			path = ViewController;
			sourceTree = "<group>";
		};
		239BC76126DA46530044E9DE /* MoreTabModule */ = {
			isa = PBXGroup;
			children = (
				239BC75B26DA31FA0044E9DE /* MoreTableViewController.swift */,
				23D27D5426E0D0C700A67D01 /* SettingTableViewController.swift */,
				23D27D5626E0D0ED00A67D01 /* PolicyTableViewController.swift */,
				23D27D5826E0D10800A67D01 /* QuestionTableViewController.swift */,
			);
			path = MoreTabModule;
			sourceTree = "<group>";
		};
		239BC76226DA46620044E9DE /* GraphTapModule */ = {
			isa = PBXGroup;
			children = (
				239BC76326DA46A60044E9DE /* GraphTableViewController.swift */,
			);
			path = GraphTapModule;
			sourceTree = "<group>";
		};
		78EED22526DFC198AA3DD381 /* Pods */ = {
			isa = PBXGroup;
			children = (
				9E36A323D50EEB4192742D74 /* Pods-EasyDiet.debug.xcconfig */,
				47CBDF2B4F43FF6EA4A43660 /* Pods-EasyDiet.release.xcconfig */,
			);
			path = Pods;
			sourceTree = "<group>";
		};
/* End PBXGroup section */

/* Begin PBXNativeTarget section */
		238A4F2B26D7CFE90091819A /* EasyDiet */ = {
			isa = PBXNativeTarget;
			buildConfigurationList = 238A4F4326D7CFED0091819A /* Build configuration list for PBXNativeTarget "EasyDiet" */;
			buildPhases = (
				5CF9FE51CE8761BF65943E52 /* [CP] Check Pods Manifest.lock */,
				238A4F2826D7CFE90091819A /* Sources */,
				238A4F2926D7CFE90091819A /* Frameworks */,
				238A4F2A26D7CFE90091819A /* Resources */,
				A5699D1752E1B259E9E25C65 /* [CP] Embed Pods Frameworks */,
			);
			buildRules = (
			);
			dependencies = (
			);
			name = EasyDiet;
			productName = EasyDiet;
			productReference = 238A4F2C26D7CFE90091819A /* EasyDiet.app */;
			productType = "com.apple.product-type.application";
		};
/* End PBXNativeTarget section */

/* Begin PBXProject section */
		238A4F2426D7CFE90091819A /* Project object */ = {
			isa = PBXProject;
			attributes = {
				LastSwiftUpdateCheck = 1250;
				LastUpgradeCheck = 1250;
				TargetAttributes = {
					238A4F2B26D7CFE90091819A = {
						CreatedOnToolsVersion = 12.5;
					};
				};
			};
			buildConfigurationList = 238A4F2726D7CFE90091819A /* Build configuration list for PBXProject "EasyDiet" */;
			compatibilityVersion = "Xcode 9.3";
			developmentRegion = en;
			hasScannedForEncodings = 0;
			knownRegions = (
				en,
				Base,
			);
			mainGroup = 238A4F2326D7CFE80091819A;
			productRefGroup = 238A4F2D26D7CFE90091819A /* Products */;
			projectDirPath = "";
			projectRoot = "";
			targets = (
				238A4F2B26D7CFE90091819A /* EasyDiet */,
			);
		};
/* End PBXProject section */

/* Begin PBXResourcesBuildPhase section */
		238A4F2A26D7CFE90091819A /* Resources */ = {
			isa = PBXResourcesBuildPhase;
			buildActionMask = 2147483647;
			files = (
				238A4F3F26D7CFED0091819A /* LaunchScreen.storyboard in Resources */,
				238A4F3C26D7CFED0091819A /* Assets.xcassets in Resources */,
				239BC76B26DDC9DE0044E9DE /* CustomMarkerView.xib in Resources */,
				238A4F3726D7CFE90091819A /* Main.storyboard in Resources */,
			);
			runOnlyForDeploymentPostprocessing = 0;
		};
/* End PBXResourcesBuildPhase section */

/* Begin PBXShellScriptBuildPhase section */
		5CF9FE51CE8761BF65943E52 /* [CP] Check Pods Manifest.lock */ = {
			isa = PBXShellScriptBuildPhase;
			buildActionMask = 2147483647;
			files = (
			);
			inputFileListPaths = (
			);
			inputPaths = (
				"${PODS_PODFILE_DIR_PATH}/Podfile.lock",
				"${PODS_ROOT}/Manifest.lock",
			);
			name = "[CP] Check Pods Manifest.lock";
			outputFileListPaths = (
			);
			outputPaths = (
				"$(DERIVED_FILE_DIR)/Pods-EasyDiet-checkManifestLockResult.txt",
			);
			runOnlyForDeploymentPostprocessing = 0;
			shellPath = /bin/sh;
			shellScript = "diff \"${PODS_PODFILE_DIR_PATH}/Podfile.lock\" \"${PODS_ROOT}/Manifest.lock\" > /dev/null\nif [ $? != 0 ] ; then\n    # print error to STDERR\n    echo \"error: The sandbox is not in sync with the Podfile.lock. Run 'pod install' or update your CocoaPods installation.\" >&2\n    exit 1\nfi\n# This output is used by Xcode 'outputs' to avoid re-running this script phase.\necho \"SUCCESS\" > \"${SCRIPT_OUTPUT_FILE_0}\"\n";
			showEnvVarsInLog = 0;
		};
		A5699D1752E1B259E9E25C65 /* [CP] Embed Pods Frameworks */ = {
			isa = PBXShellScriptBuildPhase;
			buildActionMask = 2147483647;
			files = (
			);
			inputFileListPaths = (
				"${PODS_ROOT}/Target Support Files/Pods-EasyDiet/Pods-EasyDiet-frameworks-${CONFIGURATION}-input-files.xcfilelist",
			);
			name = "[CP] Embed Pods Frameworks";
			outputFileListPaths = (
				"${PODS_ROOT}/Target Support Files/Pods-EasyDiet/Pods-EasyDiet-frameworks-${CONFIGURATION}-output-files.xcfilelist",
			);
			runOnlyForDeploymentPostprocessing = 0;
			shellPath = /bin/sh;
			shellScript = "\"${PODS_ROOT}/Target Support Files/Pods-EasyDiet/Pods-EasyDiet-frameworks.sh\"\n";
			showEnvVarsInLog = 0;
		};
/* End PBXShellScriptBuildPhase section */

/* Begin PBXSourcesBuildPhase section */
		238A4F2826D7CFE90091819A /* Sources */ = {
			isa = PBXSourcesBuildPhase;
			buildActionMask = 2147483647;
			files = (
				239BC75626DA21610044E9DE /* Extension+Float32.swift in Sources */,
				23D27D5926E0D10800A67D01 /* QuestionTableViewController.swift in Sources */,
				238A4F5026D7D8620091819A /* DetailTableViewController.swift in Sources */,
				239BC77126DF68BB0044E9DE /* Extension+UIBarButtonItem.swift in Sources */,
				239BC74526D819050044E9DE /* DataManager+DiaryEntity.swift in Sources */,
				238A4F3A26D7CFE90091819A /* EasyDiet.xcdatamodeld in Sources */,
				239BC75226D8CD670044E9DE /* Extension+UIViewController.swift in Sources */,
				239BC75026D8A0310044E9DE /* Diary.swift in Sources */,
				239BC76726DB53720044E9DE /* Extension+UIColor.swift in Sources */,
				238A4F3026D7CFE90091819A /* AppDelegate.swift in Sources */,
				239BC75426D8D50D0044E9DE /* HomeTableViewController.swift in Sources */,
				23D27D5526E0D0C700A67D01 /* SettingTableViewController.swift in Sources */,
				23D27D5F26E121D500A67D01 /* CustomTextField.swift in Sources */,
				239BC74726D819210044E9DE /* DataManager.swift in Sources */,
				239BC76F26DE28F30044E9DE /* Extension+Int.swift in Sources */,
				23D27D5726E0D0ED00A67D01 /* PolicyTableViewController.swift in Sources */,
				239BC76426DA46A60044E9DE /* GraphTableViewController.swift in Sources */,
				238A4F3226D7CFE90091819A /* SceneDelegate.swift in Sources */,
				239BC76D26DDCA1D0044E9DE /* CustomMarkerView.swift in Sources */,
				239BC75F26DA394B0044E9DE /* Operation.swift in Sources */,
				239BC75C26DA31FA0044E9DE /* MoreTableViewController.swift in Sources */,
				23D27D6126E1235E00A67D01 /* Extension+UITextField.swift in Sources */,
				239BC74E26D89E870044E9DE /* Extension+Date.swift in Sources */,
			);
			runOnlyForDeploymentPostprocessing = 0;
		};
/* End PBXSourcesBuildPhase section */

/* Begin PBXVariantGroup section */
		238A4F3526D7CFE90091819A /* Main.storyboard */ = {
			isa = PBXVariantGroup;
			children = (
				238A4F3626D7CFE90091819A /* Base */,
			);
			name = Main.storyboard;
			sourceTree = "<group>";
		};
		238A4F3D26D7CFED0091819A /* LaunchScreen.storyboard */ = {
			isa = PBXVariantGroup;
			children = (
				238A4F3E26D7CFED0091819A /* Base */,
			);
			name = LaunchScreen.storyboard;
			sourceTree = "<group>";
		};
/* End PBXVariantGroup section */

/* Begin XCBuildConfiguration section */
		238A4F4126D7CFED0091819A /* Debug */ = {
			isa = XCBuildConfiguration;
			buildSettings = {
				ALWAYS_SEARCH_USER_PATHS = NO;
				CLANG_ANALYZER_NONNULL = YES;
				CLANG_ANALYZER_NUMBER_OBJECT_CONVERSION = YES_AGGRESSIVE;
				CLANG_CXX_LANGUAGE_STANDARD = "gnu++14";
				CLANG_CXX_LIBRARY = "libc++";
				CLANG_ENABLE_MODULES = YES;
				CLANG_ENABLE_OBJC_ARC = YES;
				CLANG_ENABLE_OBJC_WEAK = YES;
				CLANG_WARN_BLOCK_CAPTURE_AUTORELEASING = YES;
				CLANG_WARN_BOOL_CONVERSION = YES;
				CLANG_WARN_COMMA = YES;
				CLANG_WARN_CONSTANT_CONVERSION = YES;
				CLANG_WARN_DEPRECATED_OBJC_IMPLEMENTATIONS = YES;
				CLANG_WARN_DIRECT_OBJC_ISA_USAGE = YES_ERROR;
				CLANG_WARN_DOCUMENTATION_COMMENTS = YES;
				CLANG_WARN_EMPTY_BODY = YES;
				CLANG_WARN_ENUM_CONVERSION = YES;
				CLANG_WARN_INFINITE_RECURSION = YES;
				CLANG_WARN_INT_CONVERSION = YES;
				CLANG_WARN_NON_LITERAL_NULL_CONVERSION = YES;
				CLANG_WARN_OBJC_IMPLICIT_RETAIN_SELF = YES;
				CLANG_WARN_OBJC_LITERAL_CONVERSION = YES;
				CLANG_WARN_OBJC_ROOT_CLASS = YES_ERROR;
				CLANG_WARN_QUOTED_INCLUDE_IN_FRAMEWORK_HEADER = YES;
				CLANG_WARN_RANGE_LOOP_ANALYSIS = YES;
				CLANG_WARN_STRICT_PROTOTYPES = YES;
				CLANG_WARN_SUSPICIOUS_MOVE = YES;
				CLANG_WARN_UNGUARDED_AVAILABILITY = YES_AGGRESSIVE;
				CLANG_WARN_UNREACHABLE_CODE = YES;
				CLANG_WARN__DUPLICATE_METHOD_MATCH = YES;
				COPY_PHASE_STRIP = NO;
				DEBUG_INFORMATION_FORMAT = dwarf;
				ENABLE_STRICT_OBJC_MSGSEND = YES;
				ENABLE_TESTABILITY = YES;
				GCC_C_LANGUAGE_STANDARD = gnu11;
				GCC_DYNAMIC_NO_PIC = NO;
				GCC_NO_COMMON_BLOCKS = YES;
				GCC_OPTIMIZATION_LEVEL = 0;
				GCC_PREPROCESSOR_DEFINITIONS = (
					"DEBUG=1",
					"$(inherited)",
				);
				GCC_WARN_64_TO_32_BIT_CONVERSION = YES;
				GCC_WARN_ABOUT_RETURN_TYPE = YES_ERROR;
				GCC_WARN_UNDECLARED_SELECTOR = YES;
				GCC_WARN_UNINITIALIZED_AUTOS = YES_AGGRESSIVE;
				GCC_WARN_UNUSED_FUNCTION = YES;
				GCC_WARN_UNUSED_VARIABLE = YES;
				IPHONEOS_DEPLOYMENT_TARGET = 14.5;
				MTL_ENABLE_DEBUG_INFO = INCLUDE_SOURCE;
				MTL_FAST_MATH = YES;
				ONLY_ACTIVE_ARCH = YES;
				SDKROOT = iphoneos;
				SWIFT_ACTIVE_COMPILATION_CONDITIONS = DEBUG;
				SWIFT_OPTIMIZATION_LEVEL = "-Onone";
			};
			name = Debug;
		};
		238A4F4226D7CFED0091819A /* Release */ = {
			isa = XCBuildConfiguration;
			buildSettings = {
				ALWAYS_SEARCH_USER_PATHS = NO;
				CLANG_ANALYZER_NONNULL = YES;
				CLANG_ANALYZER_NUMBER_OBJECT_CONVERSION = YES_AGGRESSIVE;
				CLANG_CXX_LANGUAGE_STANDARD = "gnu++14";
				CLANG_CXX_LIBRARY = "libc++";
				CLANG_ENABLE_MODULES = YES;
				CLANG_ENABLE_OBJC_ARC = YES;
				CLANG_ENABLE_OBJC_WEAK = YES;
				CLANG_WARN_BLOCK_CAPTURE_AUTORELEASING = YES;
				CLANG_WARN_BOOL_CONVERSION = YES;
				CLANG_WARN_COMMA = YES;
				CLANG_WARN_CONSTANT_CONVERSION = YES;
				CLANG_WARN_DEPRECATED_OBJC_IMPLEMENTATIONS = YES;
				CLANG_WARN_DIRECT_OBJC_ISA_USAGE = YES_ERROR;
				CLANG_WARN_DOCUMENTATION_COMMENTS = YES;
				CLANG_WARN_EMPTY_BODY = YES;
				CLANG_WARN_ENUM_CONVERSION = YES;
				CLANG_WARN_INFINITE_RECURSION = YES;
				CLANG_WARN_INT_CONVERSION = YES;
				CLANG_WARN_NON_LITERAL_NULL_CONVERSION = YES;
				CLANG_WARN_OBJC_IMPLICIT_RETAIN_SELF = YES;
				CLANG_WARN_OBJC_LITERAL_CONVERSION = YES;
				CLANG_WARN_OBJC_ROOT_CLASS = YES_ERROR;
				CLANG_WARN_QUOTED_INCLUDE_IN_FRAMEWORK_HEADER = YES;
				CLANG_WARN_RANGE_LOOP_ANALYSIS = YES;
				CLANG_WARN_STRICT_PROTOTYPES = YES;
				CLANG_WARN_SUSPICIOUS_MOVE = YES;
				CLANG_WARN_UNGUARDED_AVAILABILITY = YES_AGGRESSIVE;
				CLANG_WARN_UNREACHABLE_CODE = YES;
				CLANG_WARN__DUPLICATE_METHOD_MATCH = YES;
				COPY_PHASE_STRIP = NO;
				DEBUG_INFORMATION_FORMAT = "dwarf-with-dsym";
				ENABLE_NS_ASSERTIONS = NO;
				ENABLE_STRICT_OBJC_MSGSEND = YES;
				GCC_C_LANGUAGE_STANDARD = gnu11;
				GCC_NO_COMMON_BLOCKS = YES;
				GCC_WARN_64_TO_32_BIT_CONVERSION = YES;
				GCC_WARN_ABOUT_RETURN_TYPE = YES_ERROR;
				GCC_WARN_UNDECLARED_SELECTOR = YES;
				GCC_WARN_UNINITIALIZED_AUTOS = YES_AGGRESSIVE;
				GCC_WARN_UNUSED_FUNCTION = YES;
				GCC_WARN_UNUSED_VARIABLE = YES;
				IPHONEOS_DEPLOYMENT_TARGET = 14.5;
				MTL_ENABLE_DEBUG_INFO = NO;
				MTL_FAST_MATH = YES;
				SDKROOT = iphoneos;
				SWIFT_COMPILATION_MODE = wholemodule;
				SWIFT_OPTIMIZATION_LEVEL = "-O";
				VALIDATE_PRODUCT = YES;
			};
			name = Release;
		};
		238A4F4426D7CFED0091819A /* Debug */ = {
			isa = XCBuildConfiguration;
			baseConfigurationReference = 9E36A323D50EEB4192742D74 /* Pods-EasyDiet.debug.xcconfig */;
			buildSettings = {
				ASSETCATALOG_COMPILER_APPICON_NAME = AppIcon;
				ASSETCATALOG_COMPILER_GLOBAL_ACCENT_COLOR_NAME = AccentColor;
				CODE_SIGN_STYLE = Automatic;
				DEVELOPMENT_TEAM = ZVVH9DS99Q;
				INFOPLIST_FILE = EasyDiet/Info.plist;
				LD_RUNPATH_SEARCH_PATHS = (
					"$(inherited)",
					"@executable_path/Frameworks",
				);
				PRODUCT_BUNDLE_IDENTIFIER = simjungsub.EasyDiet;
				PRODUCT_NAME = "$(TARGET_NAME)";
				SWIFT_VERSION = 5.0;
				TARGETED_DEVICE_FAMILY = "1,2";
			};
			name = Debug;
		};
		238A4F4526D7CFED0091819A /* Release */ = {
			isa = XCBuildConfiguration;
			baseConfigurationReference = 47CBDF2B4F43FF6EA4A43660 /* Pods-EasyDiet.release.xcconfig */;
			buildSettings = {
				ASSETCATALOG_COMPILER_APPICON_NAME = AppIcon;
				ASSETCATALOG_COMPILER_GLOBAL_ACCENT_COLOR_NAME = AccentColor;
				CODE_SIGN_STYLE = Automatic;
				DEVELOPMENT_TEAM = ZVVH9DS99Q;
				INFOPLIST_FILE = EasyDiet/Info.plist;
				LD_RUNPATH_SEARCH_PATHS = (
					"$(inherited)",
					"@executable_path/Frameworks",
				);
				PRODUCT_BUNDLE_IDENTIFIER = simjungsub.EasyDiet;
				PRODUCT_NAME = "$(TARGET_NAME)";
				SWIFT_VERSION = 5.0;
				TARGETED_DEVICE_FAMILY = "1,2";
			};
			name = Release;
		};
/* End XCBuildConfiguration section */

/* Begin XCConfigurationList section */
		238A4F2726D7CFE90091819A /* Build configuration list for PBXProject "EasyDiet" */ = {
			isa = XCConfigurationList;
			buildConfigurations = (
				238A4F4126D7CFED0091819A /* Debug */,
				238A4F4226D7CFED0091819A /* Release */,
			);
			defaultConfigurationIsVisible = 0;
			defaultConfigurationName = Release;
		};
		238A4F4326D7CFED0091819A /* Build configuration list for PBXNativeTarget "EasyDiet" */ = {
			isa = XCConfigurationList;
			buildConfigurations = (
				238A4F4426D7CFED0091819A /* Debug */,
				238A4F4526D7CFED0091819A /* Release */,
			);
			defaultConfigurationIsVisible = 0;
			defaultConfigurationName = Release;
		};
/* End XCConfigurationList section */

/* Begin XCVersionGroup section */
		238A4F3826D7CFE90091819A /* EasyDiet.xcdatamodeld */ = {
			isa = XCVersionGroup;
			children = (
				238A4F3926D7CFE90091819A /* EasyDiet.xcdatamodel */,
			);
			currentVersion = 238A4F3926D7CFE90091819A /* EasyDiet.xcdatamodel */;
			path = EasyDiet.xcdatamodeld;
			sourceTree = "<group>";
			versionGroupType = wrapper.xcdatamodel;
		};
/* End XCVersionGroup section */
	};
	rootObject = 238A4F2426D7CFE90091819A /* Project object */;
}
